// !$*UTF8*$!
{
	archiveVersion = 1;
	classes = {
	};
	objectVersion = 50;
	objects = {

/* Begin PBXBuildFile section */
		0963936321A52FEE00E388C3 /* AppDelegate.swift in Sources */ = {isa = PBXBuildFile; fileRef = 0963936221A52FEE00E388C3 /* AppDelegate.swift */; };
		0963936521A52FEE00E388C3 /* ViewController.swift in Sources */ = {isa = PBXBuildFile; fileRef = 0963936421A52FEE00E388C3 /* ViewController.swift */; };
		0963936821A52FEE00E388C3 /* Main.storyboard in Resources */ = {isa = PBXBuildFile; fileRef = 0963936621A52FEE00E388C3 /* Main.storyboard */; };
		0963936A21A52FEE00E388C3 /* Assets.xcassets in Resources */ = {isa = PBXBuildFile; fileRef = 0963936921A52FEE00E388C3 /* Assets.xcassets */; };
		0963936D21A52FEE00E388C3 /* LaunchScreen.storyboard in Resources */ = {isa = PBXBuildFile; fileRef = 0963936B21A52FEE00E388C3 /* LaunchScreen.storyboard */; };
		0963937821A52FEF00E388C3 /* CocoapodsTestTests.swift in Sources */ = {isa = PBXBuildFile; fileRef = 0963937721A52FEF00E388C3 /* CocoapodsTestTests.swift */; };
/* End PBXBuildFile section */

/* Begin PBXContainerItemProxy section */
		0963937421A52FEF00E388C3 /* PBXContainerItemProxy */ = {
			isa = PBXContainerItemProxy;
			containerPortal = 0963935721A52FEE00E388C3 /* Project object */;
			proxyType = 1;
			remoteGlobalIDString = 0963935E21A52FEE00E388C3;
			remoteInfo = CocoapodsTest;
		};
/* End PBXContainerItemProxy section */

/* Begin PBXFileReference section */
		0963935F21A52FEE00E388C3 /* CocoapodsTest.app */ = {isa = PBXFileReference; explicitFileType = wrapper.application; includeInIndex = 0; path = CocoapodsTest.app; sourceTree = BUILT_PRODUCTS_DIR; };
		0963936221A52FEE00E388C3 /* AppDelegate.swift */ = {isa = PBXFileReference; lastKnownFileType = sourcecode.swift; path = AppDelegate.swift; sourceTree = "<group>"; };
		0963936421A52FEE00E388C3 /* ViewController.swift */ = {isa = PBXFileReference; lastKnownFileType = sourcecode.swift; path = ViewController.swift; sourceTree = "<group>"; };
		0963936721A52FEE00E388C3 /* Base */ = {isa = PBXFileReference; lastKnownFileType = file.storyboard; name = Base; path = Base.lproj/Main.storyboard; sourceTree = "<group>"; };
		0963936921A52FEE00E388C3 /* Assets.xcassets */ = {isa = PBXFileReference; lastKnownFileType = folder.assetcatalog; path = Assets.xcassets; sourceTree = "<group>"; };
		0963936C21A52FEE00E388C3 /* Base */ = {isa = PBXFileReference; lastKnownFileType = file.storyboard; name = Base; path = Base.lproj/LaunchScreen.storyboard; sourceTree = "<group>"; };
		0963936E21A52FEE00E388C3 /* Info.plist */ = {isa = PBXFileReference; lastKnownFileType = text.plist.xml; path = Info.plist; sourceTree = "<group>"; };
		0963937321A52FEF00E388C3 /* CocoapodsTestTests.xctest */ = {isa = PBXFileReference; explicitFileType = wrapper.cfbundle; includeInIndex = 0; path = CocoapodsTestTests.xctest; sourceTree = BUILT_PRODUCTS_DIR; };
		0963937721A52FEF00E388C3 /* CocoapodsTestTests.swift */ = {isa = PBXFileReference; lastKnownFileType = sourcecode.swift; path = CocoapodsTestTests.swift; sourceTree = "<group>"; };
		0963937921A52FEF00E388C3 /* Info.plist */ = {isa = PBXFileReference; lastKnownFileType = text.plist.xml; path = Info.plist; sourceTree = "<group>"; };
/* End PBXFileReference section */

/* Begin PBXFrameworksBuildPhase section */
		0963935C21A52FEE00E388C3 /* Frameworks */ = {
			isa = PBXFrameworksBuildPhase;
			buildActionMask = 2147483647;
			files = (
			);
			runOnlyForDeploymentPostprocessing = 0;
		};
		0963937021A52FEF00E388C3 /* Frameworks */ = {
			isa = PBXFrameworksBuildPhase;
			buildActionMask = 2147483647;
			files = (
			);
			runOnlyForDeploymentPostprocessing = 0;
		};
/* End PBXFrameworksBuildPhase section */

/* Begin PBXGroup section */
		0963935621A52FEE00E388C3 = {
			isa = PBXGroup;
			children = (
				0963936121A52FEE00E388C3 /* CocoapodsTest */,
				0963937621A52FEF00E388C3 /* CocoapodsTestTests */,
				0963936021A52FEE00E388C3 /* Products */,
			);
			sourceTree = "<group>";
		};
		0963936021A52FEE00E388C3 /* Products */ = {
			isa = PBXGroup;
			children = (
				0963935F21A52FEE00E388C3 /* CocoapodsTest.app */,
				0963937321A52FEF00E388C3 /* CocoapodsTestTests.xctest */,
			);
			name = Products;
			sourceTree = "<group>";
		};
		0963936121A52FEE00E388C3 /* CocoapodsTest */ = {
			isa = PBXGroup;
			children = (
				0963936221A52FEE00E388C3 /* AppDelegate.swift */,
				0963936421A52FEE00E388C3 /* ViewController.swift */,
				0963936621A52FEE00E388C3 /* Main.storyboard */,
				0963936921A52FEE00E388C3 /* Assets.xcassets */,
				0963936B21A52FEE00E388C3 /* LaunchScreen.storyboard */,
				0963936E21A52FEE00E388C3 /* Info.plist */,
			);
			path = CocoapodsTest;
			sourceTree = "<group>";
		};
		0963937621A52FEF00E388C3 /* CocoapodsTestTests */ = {
			isa = PBXGroup;
			children = (
				0963937721A52FEF00E388C3 /* CocoapodsTestTests.swift */,
				0963937921A52FEF00E388C3 /* Info.plist */,
			);
			path = CocoapodsTestTests;
			sourceTree = "<group>";
		};
/* End PBXGroup section */

/* Begin PBXNativeTarget section */
		0963935E21A52FEE00E388C3 /* CocoapodsTest */ = {
			isa = PBXNativeTarget;
			buildConfigurationList = 0963937C21A52FEF00E388C3 /* Build configuration list for PBXNativeTarget "CocoapodsTest" */;
			buildPhases = (
				0963935B21A52FEE00E388C3 /* Sources */,
				0963935C21A52FEE00E388C3 /* Frameworks */,
				0963935D21A52FEE00E388C3 /* Resources */,
			);
			buildRules = (
			);
			dependencies = (
			);
			name = CocoapodsTest;
			productName = CocoapodsTest;
			productReference = 0963935F21A52FEE00E388C3 /* CocoapodsTest.app */;
			productType = "com.apple.product-type.application";
		};
		0963937221A52FEF00E388C3 /* CocoapodsTestTests */ = {
			isa = PBXNativeTarget;
			buildConfigurationList = 0963937F21A52FEF00E388C3 /* Build configuration list for PBXNativeTarget "CocoapodsTestTests" */;
			buildPhases = (
				0963936F21A52FEF00E388C3 /* Sources */,
				0963937021A52FEF00E388C3 /* Frameworks */,
				0963937121A52FEF00E388C3 /* Resources */,
			);
			buildRules = (
			);
			dependencies = (
				0963937521A52FEF00E388C3 /* PBXTargetDependency */,
			);
			name = CocoapodsTestTests;
			productName = CocoapodsTestTests;
			productReference = 0963937321A52FEF00E388C3 /* CocoapodsTestTests.xctest */;
			productType = "com.apple.product-type.bundle.unit-test";
		};
/* End PBXNativeTarget section */

/* Begin PBXProject section */
		0963935721A52FEE00E388C3 /* Project object */ = {
			isa = PBXProject;
			attributes = {
				LastSwiftUpdateCheck = 1010;
				LastUpgradeCheck = 1010;
				ORGANIZATIONNAME = Marcus;
				TargetAttributes = {
					0963935E21A52FEE00E388C3 = {
						CreatedOnToolsVersion = 10.1;
					};
					0963937221A52FEF00E388C3 = {
						CreatedOnToolsVersion = 10.1;
						TestTargetID = 0963935E21A52FEE00E388C3;
					};
				};
			};
			buildConfigurationList = 0963935A21A52FEE00E388C3 /* Build configuration list for PBXProject "CocoapodsTest" */;
			compatibilityVersion = "Xcode 9.3";
			developmentRegion = en;
			hasScannedForEncodings = 0;
			knownRegions = (
				en,
				Base,
			);
			mainGroup = 0963935621A52FEE00E388C3;
			productRefGroup = 0963936021A52FEE00E388C3 /* Products */;
			projectDirPath = "";
			projectRoot = "";
			targets = (
				0963935E21A52FEE00E388C3 /* CocoapodsTest */,
				0963937221A52FEF00E388C3 /* CocoapodsTestTests */,
			);
		};
/* End PBXProject section */

/* Begin PBXResourcesBuildPhase section */
		0963935D21A52FEE00E388C3 /* Resources */ = {
			isa = PBXResourcesBuildPhase;
			buildActionMask = 2147483647;
			files = (
				0963936D21A52FEE00E388C3 /* LaunchScreen.storyboard in Resources */,
				0963936A21A52FEE00E388C3 /* Assets.xcassets in Resources */,
				0963936821A52FEE00E388C3 /* Main.storyboard in Resources */,
			);
			runOnlyForDeploymentPostprocessing = 0;
		};
		0963937121A52FEF00E388C3 /* Resources */ = {
			isa = PBXResourcesBuildPhase;
			buildActionMask = 2147483647;
			files = (
			);
			runOnlyForDeploymentPostprocessing = 0;
		};
/* End PBXResourcesBuildPhase section */

/* Begin PBXSourcesBuildPhase section */
		0963935B21A52FEE00E388C3 /* Sources */ = {
			isa = PBXSourcesBuildPhase;
			buildActionMask = 2147483647;
			files = (
				0963936521A52FEE00E388C3 /* ViewController.swift in Sources */,
				0963936321A52FEE00E388C3 /* AppDelegate.swift in Sources */,
			);
			runOnlyForDeploymentPostprocessing = 0;
		};
		0963936F21A52FEF00E388C3 /* Sources */ = {
			isa = PBXSourcesBuildPhase;
			buildActionMask = 2147483647;
			files = (
				0963937821A52FEF00E388C3 /* CocoapodsTestTests.swift in Sources */,
			);
			runOnlyForDeploymentPostprocessing = 0;
		};
/* End PBXSourcesBuildPhase section */

/* Begin PBXTargetDependency section */
		0963937521A52FEF00E388C3 /* PBXTargetDependency */ = {
			isa = PBXTargetDependency;
			target = 0963935E21A52FEE00E388C3 /* CocoapodsTest */;
			targetProxy = 0963937421A52FEF00E388C3 /* PBXContainerItemProxy */;
		};
/* End PBXTargetDependency section */

/* Begin PBXVariantGroup section */
		0963936621A52FEE00E388C3 /* Main.storyboard */ = {
			isa = PBXVariantGroup;
			children = (
				0963936721A52FEE00E388C3 /* Base */,
			);
			name = Main.storyboard;
			sourceTree = "<group>";
		};
		0963936B21A52FEE00E388C3 /* LaunchScreen.storyboard */ = {
			isa = PBXVariantGroup;
			children = (
				0963936C21A52FEE00E388C3 /* Base */,
			);
			name = LaunchScreen.storyboard;
			sourceTree = "<group>";
		};
/* End PBXVariantGroup section */

/* Begin XCBuildConfiguration section */
		0963937A21A52FEF00E388C3 /* Debug */ = {
			isa = XCBuildConfiguration;
			buildSettings = {
				ALWAYS_SEARCH_USER_PATHS = NO;
				CLANG_ANALYZER_NONNULL = YES;
				CLANG_ANALYZER_NUMBER_OBJECT_CONVERSION = YES_AGGRESSIVE;
				CLANG_CXX_LANGUAGE_STANDARD = "gnu++14";
				CLANG_CXX_LIBRARY = "libc++";
				CLANG_ENABLE_MODULES = YES;
				CLANG_ENABLE_OBJC_ARC = YES;
				CLANG_ENABLE_OBJC_WEAK = YES;
				CLANG_WARN_BLOCK_CAPTURE_AUTORELEASING = YES;
				CLANG_WARN_BOOL_CONVERSION = YES;
				CLANG_WARN_COMMA = YES;
				CLANG_WARN_CONSTANT_CONVERSION = YES;
				CLANG_WARN_DEPRECATED_OBJC_IMPLEMENTATIONS = YES;
				CLANG_WARN_DIRECT_OBJC_ISA_USAGE = YES_ERROR;
				CLANG_WARN_DOCUMENTATION_COMMENTS = YES;
				CLANG_WARN_EMPTY_BODY = YES;
				CLANG_WARN_ENUM_CONVERSION = YES;
				CLANG_WARN_INFINITE_RECURSION = YES;
				CLANG_WARN_INT_CONVERSION = YES;
				CLANG_WARN_NON_LITERAL_NULL_CONVERSION = YES;
				CLANG_WARN_OBJC_IMPLICIT_RETAIN_SELF = YES;
				CLANG_WARN_OBJC_LITERAL_CONVERSION = YES;
				CLANG_WARN_OBJC_ROOT_CLASS = YES_ERROR;
				CLANG_WARN_RANGE_LOOP_ANALYSIS = YES;
				CLANG_WARN_STRICT_PROTOTYPES = YES;
				CLANG_WARN_SUSPICIOUS_MOVE = YES;
				CLANG_WARN_UNGUARDED_AVAILABILITY = YES_AGGRESSIVE;
				CLANG_WARN_UNREACHABLE_CODE = YES;
				CLANG_WARN__DUPLICATE_METHOD_MATCH = YES;
				CODE_SIGN_IDENTITY = "iPhone Developer";
				COPY_PHASE_STRIP = NO;
				DEBUG_INFORMATION_FORMAT = dwarf;
				ENABLE_STRICT_OBJC_MSGSEND = YES;
				ENABLE_TESTABILITY = YES;
				GCC_C_LANGUAGE_STANDARD = gnu11;
				GCC_DYNAMIC_NO_PIC = NO;
				GCC_NO_COMMON_BLOCKS = YES;
				GCC_OPTIMIZATION_LEVEL = 0;
				GCC_PREPROCESSOR_DEFINITIONS = (
					"DEBUG=1",
					"$(inherited)",
				);
				GCC_WARN_64_TO_32_BIT_CONVERSION = YES;
				GCC_WARN_ABOUT_RETURN_TYPE = YES_ERROR;
				GCC_WARN_UNDECLARED_SELECTOR = YES;
				GCC_WARN_UNINITIALIZED_AUTOS = YES_AGGRESSIVE;
				GCC_WARN_UNUSED_FUNCTION = YES;
				GCC_WARN_UNUSED_VARIABLE = YES;
				IPHONEOS_DEPLOYMENT_TARGET = 12.1;
				MTL_ENABLE_DEBUG_INFO = INCLUDE_SOURCE;
				MTL_FAST_MATH = YES;
				ONLY_ACTIVE_ARCH = YES;
				SDKROOT = iphoneos;
				SWIFT_ACTIVE_COMPILATION_CONDITIONS = DEBUG;
				SWIFT_OPTIMIZATION_LEVEL = "-Onone";
			};
			name = Debug;
		};
		0963937B21A52FEF00E388C3 /* Release */ = {
			isa = XCBuildConfiguration;
			buildSettings = {
				ALWAYS_SEARCH_USER_PATHS = NO;
				CLANG_ANALYZER_NONNULL = YES;
				CLANG_ANALYZER_NUMBER_OBJECT_CONVERSION = YES_AGGRESSIVE;
				CLANG_CXX_LANGUAGE_STANDARD = "gnu++14";
				CLANG_CXX_LIBRARY = "libc++";
				CLANG_ENABLE_MODULES = YES;
				CLANG_ENABLE_OBJC_ARC = YES;
				CLANG_ENABLE_OBJC_WEAK = YES;
				CLANG_WARN_BLOCK_CAPTURE_AUTORELEASING = YES;
				CLANG_WARN_BOOL_CONVERSION = YES;
				CLANG_WARN_COMMA = YES;
				CLANG_WARN_CONSTANT_CONVERSION = YES;
				CLANG_WARN_DEPRECATED_OBJC_IMPLEMENTATIONS = YES;
				CLANG_WARN_DIRECT_OBJC_ISA_USAGE = YES_ERROR;
				CLANG_WARN_DOCUMENTATION_COMMENTS = YES;
				CLANG_WARN_EMPTY_BODY = YES;
				CLANG_WARN_ENUM_CONVERSION = YES;
				CLANG_WARN_INFINITE_RECURSION = YES;
				CLANG_WARN_INT_CONVERSION = YES;
				CLANG_WARN_NON_LITERAL_NULL_CONVERSION = YES;
				CLANG_WARN_OBJC_IMPLICIT_RETAIN_SELF = YES;
				CLANG_WARN_OBJC_LITERAL_CONVERSION = YES;
				CLANG_WARN_OBJC_ROOT_CLASS = YES_ERROR;
				CLANG_WARN_RANGE_LOOP_ANALYSIS = YES;
				CLANG_WARN_STRICT_PROTOTYPES = YES;
				CLANG_WARN_SUSPICIOUS_MOVE = YES;
				CLANG_WARN_UNGUARDED_AVAILABILITY = YES_AGGRESSIVE;
				CLANG_WARN_UNREACHABLE_CODE = YES;
				CLANG_WARN__DUPLICATE_METHOD_MATCH = YES;
				CODE_SIGN_IDENTITY = "iPhone Developer";
				COPY_PHASE_STRIP = NO;
				DEBUG_INFORMATION_FORMAT = "dwarf-with-dsym";
				ENABLE_NS_ASSERTIONS = NO;
				ENABLE_STRICT_OBJC_MSGSEND = YES;
				GCC_C_LANGUAGE_STANDARD = gnu11;
				GCC_NO_COMMON_BLOCKS = YES;
				GCC_WARN_64_TO_32_BIT_CONVERSION = YES;
				GCC_WARN_ABOUT_RETURN_TYPE = YES_ERROR;
				GCC_WARN_UNDECLARED_SELECTOR = YES;
				GCC_WARN_UNINITIALIZED_AUTOS = YES_AGGRESSIVE;
				GCC_WARN_UNUSED_FUNCTION = YES;
				GCC_WARN_UNUSED_VARIABLE = YES;
				IPHONEOS_DEPLOYMENT_TARGET = 12.1;
				MTL_ENABLE_DEBUG_INFO = NO;
				MTL_FAST_MATH = YES;
				SDKROOT = iphoneos;
				SWIFT_COMPILATION_MODE = wholemodule;
				SWIFT_OPTIMIZATION_LEVEL = "-O";
				VALIDATE_PRODUCT = YES;
			};
			name = Release;
		};
		0963937D21A52FEF00E388C3 /* Debug */ = {
			isa = XCBuildConfiguration;
			buildSettings = {
				ASSETCATALOG_COMPILER_APPICON_NAME = AppIcon;
				CODE_SIGN_STYLE = Automatic;
				DEVELOPMENT_TEAM = CDL4Q49RXS;
				INFOPLIST_FILE = CocoapodsTest/Info.plist;
				LD_RUNPATH_SEARCH_PATHS = (
					"$(inherited)",
					"@executable_path/Frameworks",
				);
				PRODUCT_BUNDLE_IDENTIFIER = com.marcus.CocoapodsTest;
				PRODUCT_NAME = "$(TARGET_NAME)";
				SWIFT_VERSION = 4.2;
				TARGETED_DEVICE_FAMILY = "1,2";
			};
			name = Debug;
		};
		0963937E21A52FEF00E388C3 /* Release */ = {
			isa = XCBuildConfiguration;
			buildSettings = {
				ASSETCATALOG_COMPILER_APPICON_NAME = AppIcon;
				CODE_SIGN_STYLE = Automatic;
				DEVELOPMENT_TEAM = CDL4Q49RXS;
				INFOPLIST_FILE = CocoapodsTest/Info.plist;
				LD_RUNPATH_SEARCH_PATHS = (
					"$(inherited)",
					"@executable_path/Frameworks",
				);
				PRODUCT_BUNDLE_IDENTIFIER = com.marcus.CocoapodsTest;
				PRODUCT_NAME = "$(TARGET_NAME)";
				SWIFT_VERSION = 4.2;
				TARGETED_DEVICE_FAMILY = "1,2";
			};
			name = Release;
		};
		0963938021A52FEF00E388C3 /* Debug */ = {
			isa = XCBuildConfiguration;
			buildSettings = {
				ALWAYS_EMBED_SWIFT_STANDARD_LIBRARIES = YES;
				BUNDLE_LOADER = "$(TEST_HOST)";
				CODE_SIGN_STYLE = Automatic;
				DEVELOPMENT_TEAM = CDL4Q49RXS;
				INFOPLIST_FILE = CocoapodsTestTests/Info.plist;
				LD_RUNPATH_SEARCH_PATHS = (
					"$(inherited)",
					"@executable_path/Frameworks",
					"@loader_path/Frameworks",
				);
				PRODUCT_BUNDLE_IDENTIFIER = com.marcus.CocoapodsTestTests;
				PRODUCT_NAME = "$(TARGET_NAME)";
				SWIFT_VERSION = 4.2;
				TARGETED_DEVICE_FAMILY = "1,2";
				TEST_HOST = "$(BUILT_PRODUCTS_DIR)/CocoapodsTest.app/CocoapodsTest";
			};
			name = Debug;
		};
		0963938121A52FEF00E388C3 /* Release */ = {
			isa = XCBuildConfiguration;
			buildSettings = {
				ALWAYS_EMBED_SWIFT_STANDARD_LIBRARIES = YES;
				BUNDLE_LOADER = "$(TEST_HOST)";
				CODE_SIGN_STYLE = Automatic;
				DEVELOPMENT_TEAM = CDL4Q49RXS;
				INFOPLIST_FILE = CocoapodsTestTests/Info.plist;
				LD_RUNPATH_SEARCH_PATHS = (
					"$(inherited)",
					"@executable_path/Frameworks",
					"@loader_path/Frameworks",
				);
				PRODUCT_BUNDLE_IDENTIFIER = com.marcus.CocoapodsTestTests;
				PRODUCT_NAME = "$(TARGET_NAME)";
				SWIFT_VERSION = 4.2;
				TARGETED_DEVICE_FAMILY = "1,2";
				TEST_HOST = "$(BUILT_PRODUCTS_DIR)/CocoapodsTest.app/CocoapodsTest";
			};
			name = Release;
		};
/* End XCBuildConfiguration section */

/* Begin XCConfigurationList section */
		0963935A21A52FEE00E388C3 /* Build configuration list for PBXProject "CocoapodsTest" */ = {
			isa = XCConfigurationList;
			buildConfigurations = (
				0963937A21A52FEF00E388C3 /* Debug */,
				0963937B21A52FEF00E388C3 /* Release */,
			);
			defaultConfigurationIsVisible = 0;
			defaultConfigurationName = Release;
		};
		0963937C21A52FEF00E388C3 /* Build configuration list for PBXNativeTarget "CocoapodsTest" */ = {
			isa = XCConfigurationList;
			buildConfigurations = (
				0963937D21A52FEF00E388C3 /* Debug */,
				0963937E21A52FEF00E388C3 /* Release */,
			);
			defaultConfigurationIsVisible = 0;
			defaultConfigurationName = Release;
		};
		0963937F21A52FEF00E388C3 /* Build configuration list for PBXNativeTarget "CocoapodsTestTests" */ = {
			isa = XCConfigurationList;
			buildConfigurations = (
				0963938021A52FEF00E388C3 /* Debug */,
				0963938121A52FEF00E388C3 /* Release */,
			);
			defaultConfigurationIsVisible = 0;
			defaultConfigurationName = Release;
		};
/* End XCConfigurationList section */
	};
	rootObject = 0963935721A52FEE00E388C3 /* Project object */;
}
